
Microsoft Visual Studio Solution File, Format Version 12.00
# Visual Studio 14
VisualStudioVersion = 14.0.25420.1
MinimumVisualStudioVersion = 10.0.40219.1
Project("{8BC9CEB8-8B4A-11D0-8D11-00A0C91BC942}") = "ex3", "ex3\ex3.vcxproj", "{07E972F9-F8FC-4D17-812F-2A376FBC27C1}"
EndProject
Project("{8BC9CEB8-8B4A-11D0-8D11-00A0C91BC942}") = "common", "common\common.vcxproj", "{2E9FEDA8-8D2A-455C-B788-A81116A68B96}"
EndProject
Project("{8BC9CEB8-8B4A-11D0-8D11-00A0C91BC942}") = "PlayerSmart", "PlayerSmart\PlayerSmart.vcxproj", "{AF8C9169-1894-4FB5-AF20-93C17F6ED092}"
EndProject
Global
	GlobalSection(SolutionConfigurationPlatforms) = preSolution
		Debug|x64 = Debug|x64
		Debug|x86 = Debug|x86
		Release|x64 = Release|x64
		Release|x86 = Release|x86
	EndGlobalSection
	GlobalSection(ProjectConfigurationPlatforms) = postSolution
		{07E972F9-F8FC-4D17-812F-2A376FBC27C1}.Debug|x64.ActiveCfg = Debug|x64
		{07E972F9-F8FC-4D17-812F-2A376FBC27C1}.Debug|x64.Build.0 = Debug|x64
		{07E972F9-F8FC-4D17-812F-2A376FBC27C1}.Debug|x86.ActiveCfg = Debug|x64
		{07E972F9-F8FC-4D17-812F-2A376FBC27C1}.Debug|x86.Build.0 = Debug|x64
		{07E972F9-F8FC-4D17-812F-2A376FBC27C1}.Release|x64.ActiveCfg = Release|x64
		{07E972F9-F8FC-4D17-812F-2A376FBC27C1}.Release|x64.Build.0 = Release|x64
		{07E972F9-F8FC-4D17-812F-2A376FBC27C1}.Release|x86.ActiveCfg = Release|Win32
		{07E972F9-F8FC-4D17-812F-2A376FBC27C1}.Release|x86.Build.0 = Release|Win32
		{2E9FEDA8-8D2A-455C-B788-A81116A68B96}.Debug|x64.ActiveCfg = Debug|x64
		{2E9FEDA8-8D2A-455C-B788-A81116A68B96}.Debug|x64.Build.0 = Debug|x64
		{2E9FEDA8-8D2A-455C-B788-A81116A68B96}.Debug|x86.ActiveCfg = Debug|x64
		{2E9FEDA8-8D2A-455C-B788-A81116A68B96}.Debug|x86.Build.0 = Debug|x64
		{2E9FEDA8-8D2A-455C-B788-A81116A68B96}.Release|x64.ActiveCfg = Release|x64
		{2E9FEDA8-8D2A-455C-B788-A81116A68B96}.Release|x64.Build.0 = Release|x64
		{2E9FEDA8-8D2A-455C-B788-A81116A68B96}.Release|x86.ActiveCfg = Release|Win32
		{2E9FEDA8-8D2A-455C-B788-A81116A68B96}.Release|x86.Build.0 = Release|Win32
		{AF8C9169-1894-4FB5-AF20-93C17F6ED092}.Debug|x64.ActiveCfg = Debug|x64
		{AF8C9169-1894-4FB5-AF20-93C17F6ED092}.Debug|x64.Build.0 = Debug|x64
		{AF8C9169-1894-4FB5-AF20-93C17F6ED092}.Debug|x86.ActiveCfg = Debug|x64
		{AF8C9169-1894-4FB5-AF20-93C17F6ED092}.Debug|x86.Build.0 = Debug|x64
		{AF8C9169-1894-4FB5-AF20-93C17F6ED092}.Release|x64.ActiveCfg = Release|x64
		{AF8C9169-1894-4FB5-AF20-93C17F6ED092}.Release|x64.Build.0 = Release|x64
		{AF8C9169-1894-4FB5-AF20-93C17F6ED092}.Release|x86.ActiveCfg = Release|Win32
		{AF8C9169-1894-4FB5-AF20-93C17F6ED092}.Release|x86.Build.0 = Release|Win32
	EndGlobalSection
	GlobalSection(SolutionProperties) = preSolution
		HideSolutionNode = FALSE
	EndGlobalSection
EndGlobal
